// !$*UTF8*$!
{
	archiveVersion = 1;
	classes = {
	};
	objectVersion = 50;
	objects = {

/* Begin PBXBuildFile section */
		18371CBC216F8A6B00A52719 /* AppDelegate.swift in Sources */ = {isa = PBXBuildFile; fileRef = 18371CBB216F8A6B00A52719 /* AppDelegate.swift */; };
		18371CBE216F8A6B00A52719 /* ViewController.swift in Sources */ = {isa = PBXBuildFile; fileRef = 18371CBD216F8A6B00A52719 /* ViewController.swift */; };
		18371CC1216F8A6B00A52719 /* Main.storyboard in Resources */ = {isa = PBXBuildFile; fileRef = 18371CBF216F8A6B00A52719 /* Main.storyboard */; };
		18371CC4216F8A6B00A52719 /* CoreDataExample.xcdatamodeld in Sources */ = {isa = PBXBuildFile; fileRef = 18371CC2216F8A6B00A52719 /* CoreDataExample.xcdatamodeld */; };
		18371CC6216F8A7100A52719 /* Assets.xcassets in Resources */ = {isa = PBXBuildFile; fileRef = 18371CC5216F8A7100A52719 /* Assets.xcassets */; };
		18371CC9216F8A7100A52719 /* LaunchScreen.storyboard in Resources */ = {isa = PBXBuildFile; fileRef = 18371CC7216F8A7100A52719 /* LaunchScreen.storyboard */; };
		18371CD4216F8A7100A52719 /* CoreDataExampleTests.swift in Sources */ = {isa = PBXBuildFile; fileRef = 18371CD3216F8A7100A52719 /* CoreDataExampleTests.swift */; };
		18371CDF216F8A7100A52719 /* CoreDataExampleUITests.swift in Sources */ = {isa = PBXBuildFile; fileRef = 18371CDE216F8A7100A52719 /* CoreDataExampleUITests.swift */; };
/* End PBXBuildFile section */

/* Begin PBXContainerItemProxy section */
		18371CD0216F8A7100A52719 /* PBXContainerItemProxy */ = {
			isa = PBXContainerItemProxy;
			containerPortal = 18371CB0216F8A6B00A52719 /* Project object */;
			proxyType = 1;
			remoteGlobalIDString = 18371CB7216F8A6B00A52719;
			remoteInfo = CoreDataExample;
		};
		18371CDB216F8A7100A52719 /* PBXContainerItemProxy */ = {
			isa = PBXContainerItemProxy;
			containerPortal = 18371CB0216F8A6B00A52719 /* Project object */;
			proxyType = 1;
			remoteGlobalIDString = 18371CB7216F8A6B00A52719;
			remoteInfo = CoreDataExample;
		};
/* End PBXContainerItemProxy section */

/* Begin PBXFileReference section */
		18371CB8216F8A6B00A52719 /* CoreDataExample.app */ = {isa = PBXFileReference; explicitFileType = wrapper.application; includeInIndex = 0; path = CoreDataExample.app; sourceTree = BUILT_PRODUCTS_DIR; };
		18371CBB216F8A6B00A52719 /* AppDelegate.swift */ = {isa = PBXFileReference; lastKnownFileType = sourcecode.swift; path = AppDelegate.swift; sourceTree = "<group>"; };
		18371CBD216F8A6B00A52719 /* ViewController.swift */ = {isa = PBXFileReference; lastKnownFileType = sourcecode.swift; path = ViewController.swift; sourceTree = "<group>"; };
		18371CC0216F8A6B00A52719 /* Base */ = {isa = PBXFileReference; lastKnownFileType = file.storyboard; name = Base; path = Base.lproj/Main.storyboard; sourceTree = "<group>"; };
		18371CC3216F8A6B00A52719 /* CoreDataExample.xcdatamodel */ = {isa = PBXFileReference; lastKnownFileType = wrapper.xcdatamodel; path = CoreDataExample.xcdatamodel; sourceTree = "<group>"; };
		18371CC5216F8A7100A52719 /* Assets.xcassets */ = {isa = PBXFileReference; lastKnownFileType = folder.assetcatalog; path = Assets.xcassets; sourceTree = "<group>"; };
		18371CC8216F8A7100A52719 /* Base */ = {isa = PBXFileReference; lastKnownFileType = file.storyboard; name = Base; path = Base.lproj/LaunchScreen.storyboard; sourceTree = "<group>"; };
		18371CCA216F8A7100A52719 /* Info.plist */ = {isa = PBXFileReference; lastKnownFileType = text.plist.xml; path = Info.plist; sourceTree = "<group>"; };
		18371CCF216F8A7100A52719 /* CoreDataExampleTests.xctest */ = {isa = PBXFileReference; explicitFileType = wrapper.cfbundle; includeInIndex = 0; path = CoreDataExampleTests.xctest; sourceTree = BUILT_PRODUCTS_DIR; };
		18371CD3216F8A7100A52719 /* CoreDataExampleTests.swift */ = {isa = PBXFileReference; lastKnownFileType = sourcecode.swift; path = CoreDataExampleTests.swift; sourceTree = "<group>"; };
		18371CD5216F8A7100A52719 /* Info.plist */ = {isa = PBXFileReference; lastKnownFileType = text.plist.xml; path = Info.plist; sourceTree = "<group>"; };
		18371CDA216F8A7100A52719 /* CoreDataExampleUITests.xctest */ = {isa = PBXFileReference; explicitFileType = wrapper.cfbundle; includeInIndex = 0; path = CoreDataExampleUITests.xctest; sourceTree = BUILT_PRODUCTS_DIR; };
		18371CDE216F8A7100A52719 /* CoreDataExampleUITests.swift */ = {isa = PBXFileReference; lastKnownFileType = sourcecode.swift; path = CoreDataExampleUITests.swift; sourceTree = "<group>"; };
		18371CE0216F8A7100A52719 /* Info.plist */ = {isa = PBXFileReference; lastKnownFileType = text.plist.xml; path = Info.plist; sourceTree = "<group>"; };
/* End PBXFileReference section */

/* Begin PBXFrameworksBuildPhase section */
		18371CB5216F8A6B00A52719 /* Frameworks */ = {
			isa = PBXFrameworksBuildPhase;
			buildActionMask = 2147483647;
			files = (
			);
			runOnlyForDeploymentPostprocessing = 0;
		};
		18371CCC216F8A7100A52719 /* Frameworks */ = {
			isa = PBXFrameworksBuildPhase;
			buildActionMask = 2147483647;
			files = (
			);
			runOnlyForDeploymentPostprocessing = 0;
		};
		18371CD7216F8A7100A52719 /* Frameworks */ = {
			isa = PBXFrameworksBuildPhase;
			buildActionMask = 2147483647;
			files = (
			);
			runOnlyForDeploymentPostprocessing = 0;
		};
/* End PBXFrameworksBuildPhase section */

/* Begin PBXGroup section */
		18371CAF216F8A6B00A52719 = {
			isa = PBXGroup;
			children = (
				18371CBA216F8A6B00A52719 /* CoreDataExample */,
				18371CD2216F8A7100A52719 /* CoreDataExampleTests */,
				18371CDD216F8A7100A52719 /* CoreDataExampleUITests */,
				18371CB9216F8A6B00A52719 /* Products */,
			);
			sourceTree = "<group>";
		};
		18371CB9216F8A6B00A52719 /* Products */ = {
			isa = PBXGroup;
			children = (
				18371CB8216F8A6B00A52719 /* CoreDataExample.app */,
				18371CCF216F8A7100A52719 /* CoreDataExampleTests.xctest */,
				18371CDA216F8A7100A52719 /* CoreDataExampleUITests.xctest */,
			);
			name = Products;
			sourceTree = "<group>";
		};
		18371CBA216F8A6B00A52719 /* CoreDataExample */ = {
			isa = PBXGroup;
			children = (
				18371CBB216F8A6B00A52719 /* AppDelegate.swift */,
				18371CBD216F8A6B00A52719 /* ViewController.swift */,
				18371CBF216F8A6B00A52719 /* Main.storyboard */,
				18371CC5216F8A7100A52719 /* Assets.xcassets */,
				18371CC7216F8A7100A52719 /* LaunchScreen.storyboard */,
				18371CCA216F8A7100A52719 /* Info.plist */,
				18371CC2216F8A6B00A52719 /* CoreDataExample.xcdatamodeld */,
			);
			path = CoreDataExample;
			sourceTree = "<group>";
		};
		18371CD2216F8A7100A52719 /* CoreDataExampleTests */ = {
			isa = PBXGroup;
			children = (
				18371CD3216F8A7100A52719 /* CoreDataExampleTests.swift */,
				18371CD5216F8A7100A52719 /* Info.plist */,
			);
			path = CoreDataExampleTests;
			sourceTree = "<group>";
		};
		18371CDD216F8A7100A52719 /* CoreDataExampleUITests */ = {
			isa = PBXGroup;
			children = (
				18371CDE216F8A7100A52719 /* CoreDataExampleUITests.swift */,
				18371CE0216F8A7100A52719 /* Info.plist */,
			);
			path = CoreDataExampleUITests;
			sourceTree = "<group>";
		};
/* End PBXGroup section */

/* Begin PBXNativeTarget section */
		18371CB7216F8A6B00A52719 /* CoreDataExample */ = {
			isa = PBXNativeTarget;
			buildConfigurationList = 18371CE3216F8A7100A52719 /* Build configuration list for PBXNativeTarget "CoreDataExample" */;
			buildPhases = (
				18371CB4216F8A6B00A52719 /* Sources */,
				18371CB5216F8A6B00A52719 /* Frameworks */,
				18371CB6216F8A6B00A52719 /* Resources */,
			);
			buildRules = (
			);
			dependencies = (
			);
			name = CoreDataExample;
			productName = CoreDataExample;
			productReference = 18371CB8216F8A6B00A52719 /* CoreDataExample.app */;
			productType = "com.apple.product-type.application";
		};
		18371CCE216F8A7100A52719 /* CoreDataExampleTests */ = {
			isa = PBXNativeTarget;
			buildConfigurationList = 18371CE6216F8A7100A52719 /* Build configuration list for PBXNativeTarget "CoreDataExampleTests" */;
			buildPhases = (
				18371CCB216F8A7100A52719 /* Sources */,
				18371CCC216F8A7100A52719 /* Frameworks */,
				18371CCD216F8A7100A52719 /* Resources */,
			);
			buildRules = (
			);
			dependencies = (
				18371CD1216F8A7100A52719 /* PBXTargetDependency */,
			);
			name = CoreDataExampleTests;
			productName = CoreDataExampleTests;
			productReference = 18371CCF216F8A7100A52719 /* CoreDataExampleTests.xctest */;
			productType = "com.apple.product-type.bundle.unit-test";
		};
		18371CD9216F8A7100A52719 /* CoreDataExampleUITests */ = {
			isa = PBXNativeTarget;
			buildConfigurationList = 18371CE9216F8A7100A52719 /* Build configuration list for PBXNativeTarget "CoreDataExampleUITests" */;
			buildPhases = (
				18371CD6216F8A7100A52719 /* Sources */,
				18371CD7216F8A7100A52719 /* Frameworks */,
				18371CD8216F8A7100A52719 /* Resources */,
			);
			buildRules = (
			);
			dependencies = (
				18371CDC216F8A7100A52719 /* PBXTargetDependency */,
			);
			name = CoreDataExampleUITests;
			productName = CoreDataExampleUITests;
			productReference = 18371CDA216F8A7100A52719 /* CoreDataExampleUITests.xctest */;
			productType = "com.apple.product-type.bundle.ui-testing";
		};
/* End PBXNativeTarget section */

/* Begin PBXProject section */
		18371CB0216F8A6B00A52719 /* Project object */ = {
			isa = PBXProject;
			attributes = {
				LastSwiftUpdateCheck = 0940;
				LastUpgradeCheck = 0940;
				ORGANIZATIONNAME = DayPoster;
				TargetAttributes = {
					18371CB7216F8A6B00A52719 = {
						CreatedOnToolsVersion = 9.4.1;
					};
					18371CCE216F8A7100A52719 = {
						CreatedOnToolsVersion = 9.4.1;
						TestTargetID = 18371CB7216F8A6B00A52719;
					};
					18371CD9216F8A7100A52719 = {
						CreatedOnToolsVersion = 9.4.1;
						TestTargetID = 18371CB7216F8A6B00A52719;
					};
				};
			};
			buildConfigurationList = 18371CB3216F8A6B00A52719 /* Build configuration list for PBXProject "CoreDataExample" */;
			compatibilityVersion = "Xcode 9.3";
			developmentRegion = en;
			hasScannedForEncodings = 0;
			knownRegions = (
				en,
				Base,
			);
			mainGroup = 18371CAF216F8A6B00A52719;
			productRefGroup = 18371CB9216F8A6B00A52719 /* Products */;
			projectDirPath = "";
			projectRoot = "";
			targets = (
				18371CB7216F8A6B00A52719 /* CoreDataExample */,
				18371CCE216F8A7100A52719 /* CoreDataExampleTests */,
				18371CD9216F8A7100A52719 /* CoreDataExampleUITests */,
			);
		};
/* End PBXProject section */

/* Begin PBXResourcesBuildPhase section */
		18371CB6216F8A6B00A52719 /* Resources */ = {
			isa = PBXResourcesBuildPhase;
			buildActionMask = 2147483647;
			files = (
				18371CC9216F8A7100A52719 /* LaunchScreen.storyboard in Resources */,
				18371CC6216F8A7100A52719 /* Assets.xcassets in Resources */,
				18371CC1216F8A6B00A52719 /* Main.storyboard in Resources */,
			);
			runOnlyForDeploymentPostprocessing = 0;
		};
		18371CCD216F8A7100A52719 /* Resources */ = {
			isa = PBXResourcesBuildPhase;
			buildActionMask = 2147483647;
			files = (
			);
			runOnlyForDeploymentPostprocessing = 0;
		};
		18371CD8216F8A7100A52719 /* Resources */ = {
			isa = PBXResourcesBuildPhase;
			buildActionMask = 2147483647;
			files = (
			);
			runOnlyForDeploymentPostprocessing = 0;
		};
/* End PBXResourcesBuildPhase section */

/* Begin PBXSourcesBuildPhase section */
		18371CB4216F8A6B00A52719 /* Sources */ = {
			isa = PBXSourcesBuildPhase;
			buildActionMask = 2147483647;
			files = (
				18371CBE216F8A6B00A52719 /* ViewController.swift in Sources */,
				18371CBC216F8A6B00A52719 /* AppDelegate.swift in Sources */,
				18371CC4216F8A6B00A52719 /* CoreDataExample.xcdatamodeld in Sources */,
			);
			runOnlyForDeploymentPostprocessing = 0;
		};
		18371CCB216F8A7100A52719 /* Sources */ = {
			isa = PBXSourcesBuildPhase;
			buildActionMask = 2147483647;
			files = (
				18371CD4216F8A7100A52719 /* CoreDataExampleTests.swift in Sources */,
			);
			runOnlyForDeploymentPostprocessing = 0;
		};
		18371CD6216F8A7100A52719 /* Sources */ = {
			isa = PBXSourcesBuildPhase;
			buildActionMask = 2147483647;
			files = (
				18371CDF216F8A7100A52719 /* CoreDataExampleUITests.swift in Sources */,
			);
			runOnlyForDeploymentPostprocessing = 0;
		};
/* End PBXSourcesBuildPhase section */

/* Begin PBXTargetDependency section */
		18371CD1216F8A7100A52719 /* PBXTargetDependency */ = {
			isa = PBXTargetDependency;
			target = 18371CB7216F8A6B00A52719 /* CoreDataExample */;
			targetProxy = 18371CD0216F8A7100A52719 /* PBXContainerItemProxy */;
		};
		18371CDC216F8A7100A52719 /* PBXTargetDependency */ = {
			isa = PBXTargetDependency;
			target = 18371CB7216F8A6B00A52719 /* CoreDataExample */;
			targetProxy = 18371CDB216F8A7100A52719 /* PBXContainerItemProxy */;
		};
/* End PBXTargetDependency section */

/* Begin PBXVariantGroup section */
		18371CBF216F8A6B00A52719 /* Main.storyboard */ = {
			isa = PBXVariantGroup;
			children = (
				18371CC0216F8A6B00A52719 /* Base */,
			);
			name = Main.storyboard;
			sourceTree = "<group>";
		};
		18371CC7216F8A7100A52719 /* LaunchScreen.storyboard */ = {
			isa = PBXVariantGroup;
			children = (
				18371CC8216F8A7100A52719 /* Base */,
			);
			name = LaunchScreen.storyboard;
			sourceTree = "<group>";
		};
/* End PBXVariantGroup section */

/* Begin XCBuildConfiguration section */
		18371CE1216F8A7100A52719 /* Debug */ = {
			isa = XCBuildConfiguration;
			buildSettings = {
				ALWAYS_SEARCH_USER_PATHS = NO;
				CLANG_ANALYZER_NONNULL = YES;
				CLANG_ANALYZER_NUMBER_OBJECT_CONVERSION = YES_AGGRESSIVE;
				CLANG_CXX_LANGUAGE_STANDARD = "gnu++14";
				CLANG_CXX_LIBRARY = "libc++";
				CLANG_ENABLE_MODULES = YES;
				CLANG_ENABLE_OBJC_ARC = YES;
				CLANG_ENABLE_OBJC_WEAK = YES;
				CLANG_WARN_BLOCK_CAPTURE_AUTORELEASING = YES;
				CLANG_WARN_BOOL_CONVERSION = YES;
				CLANG_WARN_COMMA = YES;
				CLANG_WARN_CONSTANT_CONVERSION = YES;
				CLANG_WARN_DEPRECATED_OBJC_IMPLEMENTATIONS = YES;
				CLANG_WARN_DIRECT_OBJC_ISA_USAGE = YES_ERROR;
				CLANG_WARN_DOCUMENTATION_COMMENTS = YES;
				CLANG_WARN_EMPTY_BODY = YES;
				CLANG_WARN_ENUM_CONVERSION = YES;
				CLANG_WARN_INFINITE_RECURSION = YES;
				CLANG_WARN_INT_CONVERSION = YES;
				CLANG_WARN_NON_LITERAL_NULL_CONVERSION = YES;
				CLANG_WARN_OBJC_IMPLICIT_RETAIN_SELF = YES;
				CLANG_WARN_OBJC_LITERAL_CONVERSION = YES;
				CLANG_WARN_OBJC_ROOT_CLASS = YES_ERROR;
				CLANG_WARN_RANGE_LOOP_ANALYSIS = YES;
				CLANG_WARN_STRICT_PROTOTYPES = YES;
				CLANG_WARN_SUSPICIOUS_MOVE = YES;
				CLANG_WARN_UNGUARDED_AVAILABILITY = YES_AGGRESSIVE;
				CLANG_WARN_UNREACHABLE_CODE = YES;
				CLANG_WARN__DUPLICATE_METHOD_MATCH = YES;
				CODE_SIGN_IDENTITY = "iPhone Developer";
				COPY_PHASE_STRIP = NO;
				DEBUG_INFORMATION_FORMAT = dwarf;
				ENABLE_STRICT_OBJC_MSGSEND = YES;
				ENABLE_TESTABILITY = YES;
				GCC_C_LANGUAGE_STANDARD = gnu11;
				GCC_DYNAMIC_NO_PIC = NO;
				GCC_NO_COMMON_BLOCKS = YES;
				GCC_OPTIMIZATION_LEVEL = 0;
				GCC_PREPROCESSOR_DEFINITIONS = (
					"DEBUG=1",
					"$(inherited)",
				);
				GCC_WARN_64_TO_32_BIT_CONVERSION = YES;
				GCC_WARN_ABOUT_RETURN_TYPE = YES_ERROR;
				GCC_WARN_UNDECLARED_SELECTOR = YES;
				GCC_WARN_UNINITIALIZED_AUTOS = YES_AGGRESSIVE;
				GCC_WARN_UNUSED_FUNCTION = YES;
				GCC_WARN_UNUSED_VARIABLE = YES;
				IPHONEOS_DEPLOYMENT_TARGET = 11.4;
				MTL_ENABLE_DEBUG_INFO = YES;
				ONLY_ACTIVE_ARCH = YES;
				SDKROOT = iphoneos;
				SWIFT_ACTIVE_COMPILATION_CONDITIONS = DEBUG;
				SWIFT_OPTIMIZATION_LEVEL = "-Onone";
			};
			name = Debug;
		};
		18371CE2216F8A7100A52719 /* Release */ = {
			isa = XCBuildConfiguration;
			buildSettings = {
				ALWAYS_SEARCH_USER_PATHS = NO;
				CLANG_ANALYZER_NONNULL = YES;
				CLANG_ANALYZER_NUMBER_OBJECT_CONVERSION = YES_AGGRESSIVE;
				CLANG_CXX_LANGUAGE_STANDARD = "gnu++14";
				CLANG_CXX_LIBRARY = "libc++";
				CLANG_ENABLE_MODULES = YES;
				CLANG_ENABLE_OBJC_ARC = YES;
				CLANG_ENABLE_OBJC_WEAK = YES;
				CLANG_WARN_BLOCK_CAPTURE_AUTORELEASING = YES;
				CLANG_WARN_BOOL_CONVERSION = YES;
				CLANG_WARN_COMMA = YES;
				CLANG_WARN_CONSTANT_CONVERSION = YES;
				CLANG_WARN_DEPRECATED_OBJC_IMPLEMENTATIONS = YES;
				CLANG_WARN_DIRECT_OBJC_ISA_USAGE = YES_ERROR;
				CLANG_WARN_DOCUMENTATION_COMMENTS = YES;
				CLANG_WARN_EMPTY_BODY = YES;
				CLANG_WARN_ENUM_CONVERSION = YES;
				CLANG_WARN_INFINITE_RECURSION = YES;
				CLANG_WARN_INT_CONVERSION = YES;
				CLANG_WARN_NON_LITERAL_NULL_CONVERSION = YES;
				CLANG_WARN_OBJC_IMPLICIT_RETAIN_SELF = YES;
				CLANG_WARN_OBJC_LITERAL_CONVERSION = YES;
				CLANG_WARN_OBJC_ROOT_CLASS = YES_ERROR;
				CLANG_WARN_RANGE_LOOP_ANALYSIS = YES;
				CLANG_WARN_STRICT_PROTOTYPES = YES;
				CLANG_WARN_SUSPICIOUS_MOVE = YES;
				CLANG_WARN_UNGUARDED_AVAILABILITY = YES_AGGRESSIVE;
				CLANG_WARN_UNREACHABLE_CODE = YES;
				CLANG_WARN__DUPLICATE_METHOD_MATCH = YES;
				CODE_SIGN_IDENTITY = "iPhone Developer";
				COPY_PHASE_STRIP = NO;
				DEBUG_INFORMATION_FORMAT = "dwarf-with-dsym";
				ENABLE_NS_ASSERTIONS = NO;
				ENABLE_STRICT_OBJC_MSGSEND = YES;
				GCC_C_LANGUAGE_STANDARD = gnu11;
				GCC_NO_COMMON_BLOCKS = YES;
				GCC_WARN_64_TO_32_BIT_CONVERSION = YES;
				GCC_WARN_ABOUT_RETURN_TYPE = YES_ERROR;
				GCC_WARN_UNDECLARED_SELECTOR = YES;
				GCC_WARN_UNINITIALIZED_AUTOS = YES_AGGRESSIVE;
				GCC_WARN_UNUSED_FUNCTION = YES;
				GCC_WARN_UNUSED_VARIABLE = YES;
				IPHONEOS_DEPLOYMENT_TARGET = 11.4;
				MTL_ENABLE_DEBUG_INFO = NO;
				SDKROOT = iphoneos;
				SWIFT_COMPILATION_MODE = wholemodule;
				SWIFT_OPTIMIZATION_LEVEL = "-O";
				VALIDATE_PRODUCT = YES;
			};
			name = Release;
		};
		18371CE4216F8A7100A52719 /* Debug */ = {
			isa = XCBuildConfiguration;
			buildSettings = {
				ASSETCATALOG_COMPILER_APPICON_NAME = AppIcon;
				CODE_SIGN_STYLE = Automatic;
				INFOPLIST_FILE = CoreDataExample/Info.plist;
				LD_RUNPATH_SEARCH_PATHS = (
					"$(inherited)",
					"@executable_path/Frameworks",
				);
				PRODUCT_BUNDLE_IDENTIFIER = com.DayPoster.CoreDataExample;
				PRODUCT_NAME = "$(TARGET_NAME)";
				SWIFT_VERSION = 4.0;
				TARGETED_DEVICE_FAMILY = "1,2";
			};
			name = Debug;
		};
		18371CE5216F8A7100A52719 /* Release */ = {
			isa = XCBuildConfiguration;
			buildSettings = {
				ASSETCATALOG_COMPILER_APPICON_NAME = AppIcon;
				CODE_SIGN_STYLE = Automatic;
				INFOPLIST_FILE = CoreDataExample/Info.plist;
				LD_RUNPATH_SEARCH_PATHS = (
					"$(inherited)",
					"@executable_path/Frameworks",
				);
				PRODUCT_BUNDLE_IDENTIFIER = com.DayPoster.CoreDataExample;
				PRODUCT_NAME = "$(TARGET_NAME)";
				SWIFT_VERSION = 4.0;
				TARGETED_DEVICE_FAMILY = "1,2";
			};
			name = Release;
		};
		18371CE7216F8A7100A52719 /* Debug */ = {
			isa = XCBuildConfiguration;
			buildSettings = {
				ALWAYS_EMBED_SWIFT_STANDARD_LIBRARIES = YES;
				BUNDLE_LOADER = "$(TEST_HOST)";
				CODE_SIGN_STYLE = Automatic;
				INFOPLIST_FILE = CoreDataExampleTests/Info.plist;
				LD_RUNPATH_SEARCH_PATHS = (
					"$(inherited)",
					"@executable_path/Frameworks",
					"@loader_path/Frameworks",
				);
				PRODUCT_BUNDLE_IDENTIFIER = com.DayPoster.CoreDataExampleTests;
				PRODUCT_NAME = "$(TARGET_NAME)";
				SWIFT_VERSION = 4.0;
				TARGETED_DEVICE_FAMILY = "1,2";
				TEST_HOST = "$(BUILT_PRODUCTS_DIR)/CoreDataExample.app/CoreDataExample";
			};
			name = Debug;
		};
		18371CE8216F8A7100A52719 /* Release */ = {
			isa = XCBuildConfiguration;
			buildSettings = {
				ALWAYS_EMBED_SWIFT_STANDARD_LIBRARIES = YES;
				BUNDLE_LOADER = "$(TEST_HOST)";
				CODE_SIGN_STYLE = Automatic;
				INFOPLIST_FILE = CoreDataExampleTests/Info.plist;
				LD_RUNPATH_SEARCH_PATHS = (
					"$(inherited)",
					"@executable_path/Frameworks",
					"@loader_path/Frameworks",
				);
				PRODUCT_BUNDLE_IDENTIFIER = com.DayPoster.CoreDataExampleTests;
				PRODUCT_NAME = "$(TARGET_NAME)";
				SWIFT_VERSION = 4.0;
				TARGETED_DEVICE_FAMILY = "1,2";
				TEST_HOST = "$(BUILT_PRODUCTS_DIR)/CoreDataExample.app/CoreDataExample";
			};
			name = Release;
		};
		18371CEA216F8A7100A52719 /* Debug */ = {
			isa = XCBuildConfiguration;
			buildSettings = {
				ALWAYS_EMBED_SWIFT_STANDARD_LIBRARIES = YES;
				CODE_SIGN_STYLE = Automatic;
				INFOPLIST_FILE = CoreDataExampleUITests/Info.plist;
				LD_RUNPATH_SEARCH_PATHS = (
					"$(inherited)",
					"@executable_path/Frameworks",
					"@loader_path/Frameworks",
				);
				PRODUCT_BUNDLE_IDENTIFIER = com.DayPoster.CoreDataExampleUITests;
				PRODUCT_NAME = "$(TARGET_NAME)";
				SWIFT_VERSION = 4.0;
				TARGETED_DEVICE_FAMILY = "1,2";
				TEST_TARGET_NAME = CoreDataExample;
			};
			name = Debug;
		};
		18371CEB216F8A7100A52719 /* Release */ = {
			isa = XCBuildConfiguration;
			buildSettings = {
				ALWAYS_EMBED_SWIFT_STANDARD_LIBRARIES = YES;
				CODE_SIGN_STYLE = Automatic;
				INFOPLIST_FILE = CoreDataExampleUITests/Info.plist;
				LD_RUNPATH_SEARCH_PATHS = (
					"$(inherited)",
					"@executable_path/Frameworks",
					"@loader_path/Frameworks",
				);
				PRODUCT_BUNDLE_IDENTIFIER = com.DayPoster.CoreDataExampleUITests;
				PRODUCT_NAME = "$(TARGET_NAME)";
				SWIFT_VERSION = 4.0;
				TARGETED_DEVICE_FAMILY = "1,2";
				TEST_TARGET_NAME = CoreDataExample;
			};
			name = Release;
		};
/* End XCBuildConfiguration section */

/* Begin XCConfigurationList section */
		18371CB3216F8A6B00A52719 /* Build configuration list for PBXProject "CoreDataExample" */ = {
			isa = XCConfigurationList;
			buildConfigurations = (
				18371CE1216F8A7100A52719 /* Debug */,
				18371CE2216F8A7100A52719 /* Release */,
			);
			defaultConfigurationIsVisible = 0;
			defaultConfigurationName = Release;
		};
		18371CE3216F8A7100A52719 /* Build configuration list for PBXNativeTarget "CoreDataExample" */ = {
			isa = XCConfigurationList;
			buildConfigurations = (
				18371CE4216F8A7100A52719 /* Debug */,
				18371CE5216F8A7100A52719 /* Release */,
			);
			defaultConfigurationIsVisible = 0;
			defaultConfigurationName = Release;
		};
		18371CE6216F8A7100A52719 /* Build configuration list for PBXNativeTarget "CoreDataExampleTests" */ = {
			isa = XCConfigurationList;
			buildConfigurations = (
				18371CE7216F8A7100A52719 /* Debug */,
				18371CE8216F8A7100A52719 /* Release */,
			);
			defaultConfigurationIsVisible = 0;
			defaultConfigurationName = Release;
		};
		18371CE9216F8A7100A52719 /* Build configuration list for PBXNativeTarget "CoreDataExampleUITests" */ = {
			isa = XCConfigurationList;
			buildConfigurations = (
				18371CEA216F8A7100A52719 /* Debug */,
				18371CEB216F8A7100A52719 /* Release */,
			);
			defaultConfigurationIsVisible = 0;
			defaultConfigurationName = Release;
		};
/* End XCConfigurationList section */

/* Begin XCVersionGroup section */
		18371CC2216F8A6B00A52719 /* CoreDataExample.xcdatamodeld */ = {
			isa = XCVersionGroup;
			children = (
				18371CC3216F8A6B00A52719 /* CoreDataExample.xcdatamodel */,
			);
			currentVersion = 18371CC3216F8A6B00A52719 /* CoreDataExample.xcdatamodel */;
			path = CoreDataExample.xcdatamodeld;
			sourceTree = "<group>";
			versionGroupType = wrapper.xcdatamodel;
		};
/* End XCVersionGroup section */
	};
	rootObject = 18371CB0216F8A6B00A52719 /* Project object */;
}
